
Microsoft Visual Studio Solution File, Format Version 12.00
# Visual Studio Version 17
VisualStudioVersion = 17.14.36603.0
MinimumVisualStudioVersion = 10.0.40219.1
Project("{54A90642-561A-4BB1-A94E-469ADEE60C69}") = "bcremitclone2.client", "bcremitclone2.client\bcremitclone2.client.esproj", "{1B17FF62-F2D6-0CAB-BD6C-D0C59CC63BDC}"
EndProject
Project("{FAE04EC0-301F-11D3-BF4B-00C04F79EFBC}") = "BCRemitClone2.Server", "BCRemitClone2.Server\BCRemitClone2.Server.csproj", "{C1195F4B-55BE-4DCC-9B2F-423EEB65BADF}"
EndProject
Project("{FAE04EC0-301F-11D3-BF4B-00C04F79EFBC}") = "BCRemitClone2.Tests", "BCRemitClone2.Tests\BCRemitClone2.Tests.csproj", "{E2294570-A63E-42CF-8FA5-2C44FA633E69}"
EndProject
Project("{2150E333-8FDC-42A3-9474-1A3956D46DE8}") = "Solution Items", "Solution Items", "{8EC462FD-D22E-90A8-E5CE-7E832BA40C5D}"
	ProjectSection(SolutionItems) = preProject
		.gitignore = .gitignore
	EndProjectSection
EndProject
Global
	GlobalSection(SolutionConfigurationPlatforms) = preSolution
		Debug|Any CPU = Debug|Any CPU
		Release|Any CPU = Release|Any CPU
	EndGlobalSection
	GlobalSection(ProjectConfigurationPlatforms) = postSolution
		{1B17FF62-F2D6-0CAB-BD6C-D0C59CC63BDC}.Debug|Any CPU.ActiveCfg = Debug|Any CPU
		{1B17FF62-F2D6-0CAB-BD6C-D0C59CC63BDC}.Debug|Any CPU.Build.0 = Debug|Any CPU
		{1B17FF62-F2D6-0CAB-BD6C-D0C59CC63BDC}.Debug|Any CPU.Deploy.0 = Debug|Any CPU
		{1B17FF62-F2D6-0CAB-BD6C-D0C59CC63BDC}.Release|Any CPU.ActiveCfg = Release|Any CPU
		{1B17FF62-F2D6-0CAB-BD6C-D0C59CC63BDC}.Release|Any CPU.Build.0 = Release|Any CPU
		{1B17FF62-F2D6-0CAB-BD6C-D0C59CC63BDC}.Release|Any CPU.Deploy.0 = Release|Any CPU
		{C1195F4B-55BE-4DCC-9B2F-423EEB65BADF}.Debug|Any CPU.ActiveCfg = Debug|Any CPU
		{C1195F4B-55BE-4DCC-9B2F-423EEB65BADF}.Debug|Any CPU.Build.0 = Debug|Any CPU
		{C1195F4B-55BE-4DCC-9B2F-423EEB65BADF}.Release|Any CPU.ActiveCfg = Release|Any CPU
		{C1195F4B-55BE-4DCC-9B2F-423EEB65BADF}.Release|Any CPU.Build.0 = Release|Any CPU
		{E2294570-A63E-42CF-8FA5-2C44FA633E69}.Debug|Any CPU.ActiveCfg = Debug|Any CPU
		{E2294570-A63E-42CF-8FA5-2C44FA633E69}.Debug|Any CPU.Build.0 = Debug|Any CPU
		{E2294570-A63E-42CF-8FA5-2C44FA633E69}.Release|Any CPU.ActiveCfg = Release|Any CPU
		{E2294570-A63E-42CF-8FA5-2C44FA633E69}.Release|Any CPU.Build.0 = Release|Any CPU
	EndGlobalSection
	GlobalSection(SolutionProperties) = preSolution
		HideSolutionNode = FALSE
	EndGlobalSection
	GlobalSection(ExtensibilityGlobals) = postSolution
		SolutionGuid = {1E3A072D-F4FE-461A-B3C0-F7D89D7B66A4}
	EndGlobalSection
EndGlobal
